
Microsoft Visual Studio Solution File, Format Version 12.00
# Visual Studio 15
VisualStudioVersion = 15.0.28010.2019
MinimumVisualStudioVersion = 10.0.40219.1
Project("{F184B08F-C81C-45F6-A57F-5ABD9991F28F}") = "TesteNucleo", "TesteNucleo\TesteNucleo.vbproj", "{F6F86623-BA2C-4D01-9328-E8BA667EB250}"
EndProject
Global
	GlobalSection(SolutionConfigurationPlatforms) = preSolution
		Debug|Any CPU = Debug|Any CPU
		Release|Any CPU = Release|Any CPU
	EndGlobalSection
	GlobalSection(ProjectConfigurationPlatforms) = postSolution
		{F6F86623-BA2C-4D01-9328-E8BA667EB250}.Debug|Any CPU.ActiveCfg = Debug|Any CPU
		{F6F86623-BA2C-4D01-9328-E8BA667EB250}.Debug|Any CPU.Build.0 = Debug|Any CPU
		{F6F86623-BA2C-4D01-9328-E8BA667EB250}.Release|Any CPU.ActiveCfg = Release|Any CPU
		{F6F86623-BA2C-4D01-9328-E8BA667EB250}.Release|Any CPU.Build.0 = Release|Any CPU
	EndGlobalSection
	GlobalSection(SolutionProperties) = preSolution
		HideSolutionNode = FALSE
	EndGlobalSection
	GlobalSection(ExtensibilityGlobals) = postSolution
		SolutionGuid = {2F8A1860-A149-4C04-B894-122B495668D9}
	EndGlobalSection
EndGlobal
